
Microsoft Visual Studio Solution File, Format Version 12.00
# Visual Studio 2012
Project("{FAE04EC0-301F-11D3-BF4B-00C04F79EFBC}") = "ProductionCode.Lib", "ProductionCode.Lib\ProductionCode.Lib.csproj", "{7A7A198F-FA9B-41A6-A5C4-B3C92C1DE7FB}"
EndProject
Project("{FAE04EC0-301F-11D3-BF4B-00C04F79EFBC}") = "ProductionCode.Lib.Tests", "ProductionCode.Lib.Tests\ProductionCode.Lib.Tests.csproj", "{533ED322-1050-445B-AE34-F6944B03AD09}"
EndProject
Global
	GlobalSection(SolutionConfigurationPlatforms) = preSolution
		Debug|Any CPU = Debug|Any CPU
		Release|Any CPU = Release|Any CPU
	EndGlobalSection
	GlobalSection(ProjectConfigurationPlatforms) = postSolution
		{7A7A198F-FA9B-41A6-A5C4-B3C92C1DE7FB}.Debug|Any CPU.ActiveCfg = Debug|Any CPU
		{7A7A198F-FA9B-41A6-A5C4-B3C92C1DE7FB}.Debug|Any CPU.Build.0 = Debug|Any CPU
		{7A7A198F-FA9B-41A6-A5C4-B3C92C1DE7FB}.Release|Any CPU.ActiveCfg = Release|Any CPU
		{7A7A198F-FA9B-41A6-A5C4-B3C92C1DE7FB}.Release|Any CPU.Build.0 = Release|Any CPU
		{533ED322-1050-445B-AE34-F6944B03AD09}.Debug|Any CPU.ActiveCfg = Debug|Any CPU
		{533ED322-1050-445B-AE34-F6944B03AD09}.Debug|Any CPU.Build.0 = Debug|Any CPU
		{533ED322-1050-445B-AE34-F6944B03AD09}.Release|Any CPU.ActiveCfg = Release|Any CPU
		{533ED322-1050-445B-AE34-F6944B03AD09}.Release|Any CPU.Build.0 = Release|Any CPU
	EndGlobalSection
	GlobalSection(SolutionProperties) = preSolution
		HideSolutionNode = FALSE
	EndGlobalSection
EndGlobal
